
Microsoft Visual Studio Solution File, Format Version 12.00
# Visual Studio Version 17
VisualStudioVersion = 17.9.34902.65
MinimumVisualStudioVersion = 10.0.40219.1
Project("{FAE04EC0-301F-11D3-BF4B-00C04F79EFBC}") = "PrimeEditor", "PrimeEditor\PrimeEditor.csproj", "{82CF8D4D-BBF0-4101-8B28-EE1C1EEDEA43}"
EndProject
Project("{8BC9CEB8-8B4A-11D0-8D11-00A0C91BC942}") = "Z_Engine", "Z_Engine\Z_Engine.vcxproj", "{4D5970DA-E48E-4FBC-ADC0-EB57938C01F1}"
EndProject
Global
	GlobalSection(SolutionConfigurationPlatforms) = preSolution
		Debug|x64 = Debug|x64
		Release|x64 = Release|x64
	EndGlobalSection
	GlobalSection(ProjectConfigurationPlatforms) = postSolution
		{4D5970DA-E48E-4FBC-ADC0-EB57938C01F1}.Debug|x64.ActiveCfg = Debug|x64
		{4D5970DA-E48E-4FBC-ADC0-EB57938C01F1}.Debug|x64.Build.0 = Debug|x64
		{4D5970DA-E48E-4FBC-ADC0-EB57938C01F1}.Release|x64.ActiveCfg = Release|x64
		{4D5970DA-E48E-4FBC-ADC0-EB57938C01F1}.Release|x64.Build.0 = Release|x64
		{82CF8D4D-BBF0-4101-8B28-EE1C1EEDEA43}.Debug|x64.ActiveCfg = Debug|Any CPU
		{82CF8D4D-BBF0-4101-8B28-EE1C1EEDEA43}.Debug|x64.Build.0 = Debug|Any CPU
		{82CF8D4D-BBF0-4101-8B28-EE1C1EEDEA43}.Release|x64.ActiveCfg = Release|Any CPU
		{82CF8D4D-BBF0-4101-8B28-EE1C1EEDEA43}.Release|x64.Build.0 = Release|Any CPU
	EndGlobalSection
	GlobalSection(SolutionProperties) = preSolution
		HideSolutionNode = FALSE
	EndGlobalSection
	GlobalSection(ExtensibilityGlobals) = postSolution
		SolutionGuid = {D443DC4D-05A6-487D-98CA-E9DCDB52DA08}
	EndGlobalSection
EndGlobal
